// !$*UTF8*$!
{
	archiveVersion = 1;
	classes = {
	};
	objectVersion = 46;
	objects = {

/* Begin PBXBuildFile section */
		AE2628301B7F5AA9001DDF06 /* main.m in Sources */ = {isa = PBXBuildFile; fileRef = AE26282F1B7F5AA9001DDF06 /* main.m */; };
		AE2628331B7F5AA9001DDF06 /* AppDelegate.m in Sources */ = {isa = PBXBuildFile; fileRef = AE2628321B7F5AA9001DDF06 /* AppDelegate.m */; };
		AE2628361B7F5AA9001DDF06 /* ViewController.m in Sources */ = {isa = PBXBuildFile; fileRef = AE2628351B7F5AA9001DDF06 /* ViewController.m */; };
		AE2628391B7F5AA9001DDF06 /* Main.storyboard in Resources */ = {isa = PBXBuildFile; fileRef = AE2628371B7F5AA9001DDF06 /* Main.storyboard */; };
		AE26283B1B7F5AA9001DDF06 /* Assets.xcassets in Resources */ = {isa = PBXBuildFile; fileRef = AE26283A1B7F5AA9001DDF06 /* Assets.xcassets */; };
		AE26283E1B7F5AA9001DDF06 /* LaunchScreen.storyboard in Resources */ = {isa = PBXBuildFile; fileRef = AE26283C1B7F5AA9001DDF06 /* LaunchScreen.storyboard */; };
		AE26285B1B7F5C44001DDF06 /* blockerList.json in Resources */ = {isa = PBXBuildFile; fileRef = AE26285A1B7F5C44001DDF06 /* blockerList.json */; };
		AE26285E1B7F5C44001DDF06 /* ActionRequestHandler.m in Sources */ = {isa = PBXBuildFile; fileRef = AE26285D1B7F5C44001DDF06 /* ActionRequestHandler.m */; };
		AE2628621B7F5C44001DDF06 /* Extension.appex in Embed App Extensions */ = {isa = PBXBuildFile; fileRef = AE2628581B7F5C44001DDF06 /* Extension.appex */; settings = {ATTRIBUTES = (RemoveHeadersOnCopy, ); }; };
		AE26286B1B7F67FA001DDF06 /* blockerList in Resources */ = {isa = PBXBuildFile; fileRef = AE26286A1B7F67FA001DDF06 /* blockerList */; };
		AE26286D1B7F6F17001DDF06 /* SafariServices.framework in Frameworks */ = {isa = PBXBuildFile; fileRef = AE26286C1B7F6F17001DDF06 /* SafariServices.framework */; };
		AE4FDE0E1B85D84B002AC9AE /* MessageUI.framework in Frameworks */ = {isa = PBXBuildFile; fileRef = AE4FDE0D1B85D84B002AC9AE /* MessageUI.framework */; };
		AE4FDE101B85D8A4002AC9AE /* UIKit.framework in Frameworks */ = {isa = PBXBuildFile; fileRef = AE4FDE0F1B85D8A4002AC9AE /* UIKit.framework */; };
		AEC18B771B7FBF6D008463BB /* libz.tbd in Frameworks */ = {isa = PBXBuildFile; fileRef = AEC18B761B7FBF6D008463BB /* libz.tbd */; };
		AEC18B8E1B7FC3E2008463BB /* SSZipArchive.m in Sources */ = {isa = PBXBuildFile; fileRef = AEC18B8D1B7FC3E2008463BB /* SSZipArchive.m */; };
		AEC18B991B7FC3E8008463BB /* ioapi.c in Sources */ = {isa = PBXBuildFile; fileRef = AEC18B911B7FC3E8008463BB /* ioapi.c */; };
		AEC18B9A1B7FC3E8008463BB /* mztools.c in Sources */ = {isa = PBXBuildFile; fileRef = AEC18B931B7FC3E8008463BB /* mztools.c */; };
		AEC18B9B1B7FC3E8008463BB /* unzip.c in Sources */ = {isa = PBXBuildFile; fileRef = AEC18B951B7FC3E8008463BB /* unzip.c */; };
		AEC18B9C1B7FC3E8008463BB /* zip.c in Sources */ = {isa = PBXBuildFile; fileRef = AEC18B971B7FC3E8008463BB /* zip.c */; };
/* End PBXBuildFile section */

/* Begin PBXContainerItemProxy section */
		AE2628601B7F5C44001DDF06 /* PBXContainerItemProxy */ = {
			isa = PBXContainerItemProxy;
			containerPortal = AE2628231B7F5AA9001DDF06 /* Project object */;
			proxyType = 1;
			remoteGlobalIDString = AE2628571B7F5C44001DDF06;
			remoteInfo = Extension;
		};
/* End PBXContainerItemProxy section */

/* Begin PBXCopyFilesBuildPhase section */
		AE2628661B7F5C44001DDF06 /* Embed App Extensions */ = {
			isa = PBXCopyFilesBuildPhase;
			buildActionMask = 2147483647;
			dstPath = "";
			dstSubfolderSpec = 13;
			files = (
				AE2628621B7F5C44001DDF06 /* Extension.appex in Embed App Extensions */,
			);
			name = "Embed App Extensions";
			runOnlyForDeploymentPostprocessing = 0;
		};
/* End PBXCopyFilesBuildPhase section */

/* Begin PBXFileReference section */
		AE26282B1B7F5AA9001DDF06 /* CBlocker.app */ = {isa = PBXFileReference; explicitFileType = wrapper.application; includeInIndex = 0; path = CBlocker.app; sourceTree = BUILT_PRODUCTS_DIR; };
		AE26282F1B7F5AA9001DDF06 /* main.m */ = {isa = PBXFileReference; lastKnownFileType = sourcecode.c.objc; path = main.m; sourceTree = "<group>"; };
		AE2628311B7F5AA9001DDF06 /* AppDelegate.h */ = {isa = PBXFileReference; lastKnownFileType = sourcecode.c.h; path = AppDelegate.h; sourceTree = "<group>"; };
		AE2628321B7F5AA9001DDF06 /* AppDelegate.m */ = {isa = PBXFileReference; lastKnownFileType = sourcecode.c.objc; path = AppDelegate.m; sourceTree = "<group>"; };
		AE2628341B7F5AA9001DDF06 /* ViewController.h */ = {isa = PBXFileReference; lastKnownFileType = sourcecode.c.h; path = ViewController.h; sourceTree = "<group>"; };
		AE2628351B7F5AA9001DDF06 /* ViewController.m */ = {isa = PBXFileReference; lastKnownFileType = sourcecode.c.objc; path = ViewController.m; sourceTree = "<group>"; };
		AE2628381B7F5AA9001DDF06 /* Base */ = {isa = PBXFileReference; lastKnownFileType = file.storyboard; name = Base; path = Base.lproj/Main.storyboard; sourceTree = "<group>"; };
		AE26283A1B7F5AA9001DDF06 /* Assets.xcassets */ = {isa = PBXFileReference; lastKnownFileType = folder.assetcatalog; path = Assets.xcassets; sourceTree = "<group>"; };
		AE26283D1B7F5AA9001DDF06 /* Base */ = {isa = PBXFileReference; lastKnownFileType = file.storyboard; name = Base; path = Base.lproj/LaunchScreen.storyboard; sourceTree = "<group>"; };
		AE26283F1B7F5AA9001DDF06 /* Info.plist */ = {isa = PBXFileReference; lastKnownFileType = text.plist.xml; path = Info.plist; sourceTree = "<group>"; };
		AE2628531B7F5B87001DDF06 /* README.md */ = {isa = PBXFileReference; lastKnownFileType = net.daringfireball.markdown; path = README.md; sourceTree = "<group>"; };
		AE2628581B7F5C44001DDF06 /* Extension.appex */ = {isa = PBXFileReference; explicitFileType = "wrapper.app-extension"; includeInIndex = 0; path = Extension.appex; sourceTree = BUILT_PRODUCTS_DIR; };
		AE26285A1B7F5C44001DDF06 /* blockerList.json */ = {isa = PBXFileReference; lastKnownFileType = text.json; path = blockerList.json; sourceTree = "<group>"; };
		AE26285C1B7F5C44001DDF06 /* ActionRequestHandler.h */ = {isa = PBXFileReference; lastKnownFileType = sourcecode.c.h; path = ActionRequestHandler.h; sourceTree = "<group>"; };
		AE26285D1B7F5C44001DDF06 /* ActionRequestHandler.m */ = {isa = PBXFileReference; lastKnownFileType = sourcecode.c.objc; path = ActionRequestHandler.m; sourceTree = "<group>"; };
		AE26285F1B7F5C44001DDF06 /* Info.plist */ = {isa = PBXFileReference; lastKnownFileType = text.plist.xml; path = Info.plist; sourceTree = "<group>"; };
		AE2628671B7F5C89001DDF06 /* LICENSE */ = {isa = PBXFileReference; lastKnownFileType = text; name = LICENSE; path = ../LICENSE; sourceTree = "<group>"; };
		AE26286A1B7F67FA001DDF06 /* blockerList */ = {isa = PBXFileReference; lastKnownFileType = folder; path = blockerList; sourceTree = SOURCE_ROOT; };
		AE26286C1B7F6F17001DDF06 /* SafariServices.framework */ = {isa = PBXFileReference; lastKnownFileType = wrapper.framework; name = SafariServices.framework; path = System/Library/Frameworks/SafariServices.framework; sourceTree = SDKROOT; };
		AE26286E1B7F9F34001DDF06 /* Content Blocker.entitlements */ = {isa = PBXFileReference; lastKnownFileType = text.xml; path = "Content Blocker.entitlements"; sourceTree = "<group>"; };
		AE26286F1B7FACA6001DDF06 /* Extension.entitlements */ = {isa = PBXFileReference; lastKnownFileType = text.xml; path = Extension.entitlements; sourceTree = "<group>"; };
		AE4FDE0D1B85D84B002AC9AE /* MessageUI.framework */ = {isa = PBXFileReference; lastKnownFileType = wrapper.framework; name = MessageUI.framework; path = System/Library/Frameworks/MessageUI.framework; sourceTree = SDKROOT; };
		AE4FDE0F1B85D8A4002AC9AE /* UIKit.framework */ = {isa = PBXFileReference; lastKnownFileType = wrapper.framework; name = UIKit.framework; path = System/Library/Frameworks/UIKit.framework; sourceTree = SDKROOT; };
		AEC18B761B7FBF6D008463BB /* libz.tbd */ = {isa = PBXFileReference; lastKnownFileType = "sourcecode.text-based-dylib-definition"; name = libz.tbd; path = usr/lib/libz.tbd; sourceTree = SDKROOT; };
		AEC18B8C1B7FC3E2008463BB /* SSZipArchive.h */ = {isa = PBXFileReference; fileEncoding = 4; lastKnownFileType = sourcecode.c.h; path = SSZipArchive.h; sourceTree = "<group>"; };
		AEC18B8D1B7FC3E2008463BB /* SSZipArchive.m */ = {isa = PBXFileReference; fileEncoding = 4; lastKnownFileType = sourcecode.c.objc; path = SSZipArchive.m; sourceTree = "<group>"; };
		AEC18B901B7FC3E8008463BB /* crypt.h */ = {isa = PBXFileReference; fileEncoding = 4; lastKnownFileType = sourcecode.c.h; path = crypt.h; sourceTree = "<group>"; };
		AEC18B911B7FC3E8008463BB /* ioapi.c */ = {isa = PBXFileReference; fileEncoding = 4; lastKnownFileType = sourcecode.c.c; path = ioapi.c; sourceTree = "<group>"; };
		AEC18B921B7FC3E8008463BB /* ioapi.h */ = {isa = PBXFileReference; fileEncoding = 4; lastKnownFileType = sourcecode.c.h; path = ioapi.h; sourceTree = "<group>"; };
		AEC18B931B7FC3E8008463BB /* mztools.c */ = {isa = PBXFileReference; fileEncoding = 4; lastKnownFileType = sourcecode.c.c; path = mztools.c; sourceTree = "<group>"; };
		AEC18B941B7FC3E8008463BB /* mztools.h */ = {isa = PBXFileReference; fileEncoding = 4; lastKnownFileType = sourcecode.c.h; path = mztools.h; sourceTree = "<group>"; };
		AEC18B951B7FC3E8008463BB /* unzip.c */ = {isa = PBXFileReference; fileEncoding = 4; lastKnownFileType = sourcecode.c.c; path = unzip.c; sourceTree = "<group>"; };
		AEC18B961B7FC3E8008463BB /* unzip.h */ = {isa = PBXFileReference; fileEncoding = 4; lastKnownFileType = sourcecode.c.h; path = unzip.h; sourceTree = "<group>"; };
		AEC18B971B7FC3E8008463BB /* zip.c */ = {isa = PBXFileReference; fileEncoding = 4; lastKnownFileType = sourcecode.c.c; path = zip.c; sourceTree = "<group>"; };
		AEC18B981B7FC3E8008463BB /* zip.h */ = {isa = PBXFileReference; fileEncoding = 4; lastKnownFileType = sourcecode.c.h; path = zip.h; sourceTree = "<group>"; };
/* End PBXFileReference section */

/* Begin PBXFrameworksBuildPhase section */
		AE2628281B7F5AA9001DDF06 /* Frameworks */ = {
			isa = PBXFrameworksBuildPhase;
			buildActionMask = 2147483647;
			files = (
				AE4FDE101B85D8A4002AC9AE /* UIKit.framework in Frameworks */,
				AE4FDE0E1B85D84B002AC9AE /* MessageUI.framework in Frameworks */,
				AEC18B771B7FBF6D008463BB /* libz.tbd in Frameworks */,
				AE26286D1B7F6F17001DDF06 /* SafariServices.framework in Frameworks */,
			);
			runOnlyForDeploymentPostprocessing = 0;
		};
		AE2628551B7F5C44001DDF06 /* Frameworks */ = {
			isa = PBXFrameworksBuildPhase;
			buildActionMask = 2147483647;
			files = (
			);
			runOnlyForDeploymentPostprocessing = 0;
		};
/* End PBXFrameworksBuildPhase section */

/* Begin PBXGroup section */
		AE2628221B7F5AA9001DDF06 = {
			isa = PBXGroup;
			children = (
				AE2628531B7F5B87001DDF06 /* README.md */,
				AE26282D1B7F5AA9001DDF06 /* Content Blocker */,
				AE2628591B7F5C44001DDF06 /* Extension */,
				AE26282C1B7F5AA9001DDF06 /* Products */,
			);
			sourceTree = "<group>";
		};
		AE26282C1B7F5AA9001DDF06 /* Products */ = {
			isa = PBXGroup;
			children = (
				AE26282B1B7F5AA9001DDF06 /* CBlocker.app */,
				AE2628581B7F5C44001DDF06 /* Extension.appex */,
			);
			name = Products;
			sourceTree = "<group>";
		};
		AE26282D1B7F5AA9001DDF06 /* Content Blocker */ = {
			isa = PBXGroup;
			children = (
				AE26286A1B7F67FA001DDF06 /* blockerList */,
				AE2628311B7F5AA9001DDF06 /* AppDelegate.h */,
				AE2628321B7F5AA9001DDF06 /* AppDelegate.m */,
				AE2628341B7F5AA9001DDF06 /* ViewController.h */,
				AE2628351B7F5AA9001DDF06 /* ViewController.m */,
				AE2628371B7F5AA9001DDF06 /* Main.storyboard */,
				AE26283A1B7F5AA9001DDF06 /* Assets.xcassets */,
				AE26283C1B7F5AA9001DDF06 /* LaunchScreen.storyboard */,
				AE26283F1B7F5AA9001DDF06 /* Info.plist */,
				AE26282E1B7F5AA9001DDF06 /* Supporting Files */,
			);
			path = "Content Blocker";
			sourceTree = "<group>";
		};
		AE26282E1B7F5AA9001DDF06 /* Supporting Files */ = {
			isa = PBXGroup;
			children = (
				AE26286C1B7F6F17001DDF06 /* SafariServices.framework */,
				AE4FDE0F1B85D8A4002AC9AE /* UIKit.framework */,
				AE4FDE0D1B85D84B002AC9AE /* MessageUI.framework */,
				AEC18B8C1B7FC3E2008463BB /* SSZipArchive.h */,
				AEC18B8D1B7FC3E2008463BB /* SSZipArchive.m */,
				AEC18B8F1B7FC3E8008463BB /* minizip */,
				AEC18B761B7FBF6D008463BB /* libz.tbd */,
				AE2628671B7F5C89001DDF06 /* LICENSE */,
				AE26286E1B7F9F34001DDF06 /* Content Blocker.entitlements */,
				AE26282F1B7F5AA9001DDF06 /* main.m */,
			);
			name = "Supporting Files";
			sourceTree = "<group>";
		};
		AE2628591B7F5C44001DDF06 /* Extension */ = {
			isa = PBXGroup;
			children = (
				AE26286F1B7FACA6001DDF06 /* Extension.entitlements */,
				AE26285A1B7F5C44001DDF06 /* blockerList.json */,
				AE26285C1B7F5C44001DDF06 /* ActionRequestHandler.h */,
				AE26285D1B7F5C44001DDF06 /* ActionRequestHandler.m */,
				AE26285F1B7F5C44001DDF06 /* Info.plist */,
			);
			path = Extension;
			sourceTree = "<group>";
		};
		AEC18B8F1B7FC3E8008463BB /* minizip */ = {
			isa = PBXGroup;
			children = (
				AEC18B901B7FC3E8008463BB /* crypt.h */,
				AEC18B911B7FC3E8008463BB /* ioapi.c */,
				AEC18B921B7FC3E8008463BB /* ioapi.h */,
				AEC18B931B7FC3E8008463BB /* mztools.c */,
				AEC18B941B7FC3E8008463BB /* mztools.h */,
				AEC18B951B7FC3E8008463BB /* unzip.c */,
				AEC18B961B7FC3E8008463BB /* unzip.h */,
				AEC18B971B7FC3E8008463BB /* zip.c */,
				AEC18B981B7FC3E8008463BB /* zip.h */,
			);
			path = minizip;
			sourceTree = "<group>";
		};
/* End PBXGroup section */

/* Begin PBXNativeTarget section */
		AE26282A1B7F5AA9001DDF06 /* CBlocker */ = {
			isa = PBXNativeTarget;
			buildConfigurationList = AE26284D1B7F5AA9001DDF06 /* Build configuration list for PBXNativeTarget "CBlocker" */;
			buildPhases = (
				AE2628271B7F5AA9001DDF06 /* Sources */,
				AE2628281B7F5AA9001DDF06 /* Frameworks */,
				AE2628291B7F5AA9001DDF06 /* Resources */,
				AE2628661B7F5C44001DDF06 /* Embed App Extensions */,
			);
			buildRules = (
			);
			dependencies = (
				AE2628611B7F5C44001DDF06 /* PBXTargetDependency */,
			);
			name = CBlocker;
			productName = "Content Blocker";
			productReference = AE26282B1B7F5AA9001DDF06 /* CBlocker.app */;
			productType = "com.apple.product-type.application";
		};
		AE2628571B7F5C44001DDF06 /* Extension */ = {
			isa = PBXNativeTarget;
			buildConfigurationList = AE2628631B7F5C44001DDF06 /* Build configuration list for PBXNativeTarget "Extension" */;
			buildPhases = (
				AE2628541B7F5C44001DDF06 /* Sources */,
				AE2628551B7F5C44001DDF06 /* Frameworks */,
				AE2628561B7F5C44001DDF06 /* Resources */,
			);
			buildRules = (
			);
			dependencies = (
			);
			name = Extension;
			productName = Extension;
			productReference = AE2628581B7F5C44001DDF06 /* Extension.appex */;
			productType = "com.apple.product-type.app-extension";
		};
/* End PBXNativeTarget section */

/* Begin PBXProject section */
		AE2628231B7F5AA9001DDF06 /* Project object */ = {
			isa = PBXProject;
			attributes = {
				LastUpgradeCheck = 0700;
				ORGANIZATIONNAME = "Yannick Weiss";
				TargetAttributes = {
					AE26282A1B7F5AA9001DDF06 = {
						CreatedOnToolsVersion = 7.0;
						DevelopmentTeam = NDJHDNKXD6;
						SystemCapabilities = {
							com.apple.ApplicationGroups.iOS = {
								enabled = 1;
							};
						};
					};
					AE2628571B7F5C44001DDF06 = {
						CreatedOnToolsVersion = 7.0;
						DevelopmentTeam = NDJHDNKXD6;
						SystemCapabilities = {
							com.apple.ApplicationGroups.iOS = {
								enabled = 1;
							};
						};
					};
				};
			};
			buildConfigurationList = AE2628261B7F5AA9001DDF06 /* Build configuration list for PBXProject "CBlocker" */;
			compatibilityVersion = "Xcode 3.2";
			developmentRegion = English;
			hasScannedForEncodings = 0;
			knownRegions = (
				en,
				Base,
			);
			mainGroup = AE2628221B7F5AA9001DDF06;
			productRefGroup = AE26282C1B7F5AA9001DDF06 /* Products */;
			projectDirPath = "";
			projectRoot = "";
			targets = (
				AE26282A1B7F5AA9001DDF06 /* CBlocker */,
				AE2628571B7F5C44001DDF06 /* Extension */,
			);
		};
/* End PBXProject section */

/* Begin PBXResourcesBuildPhase section */
		AE2628291B7F5AA9001DDF06 /* Resources */ = {
			isa = PBXResourcesBuildPhase;
			buildActionMask = 2147483647;
			files = (
				AE26283E1B7F5AA9001DDF06 /* LaunchScreen.storyboard in Resources */,
				AE26286B1B7F67FA001DDF06 /* blockerList in Resources */,
				AE26283B1B7F5AA9001DDF06 /* Assets.xcassets in Resources */,
				AE2628391B7F5AA9001DDF06 /* Main.storyboard in Resources */,
			);
			runOnlyForDeploymentPostprocessing = 0;
		};
		AE2628561B7F5C44001DDF06 /* Resources */ = {
			isa = PBXResourcesBuildPhase;
			buildActionMask = 2147483647;
			files = (
				AE26285B1B7F5C44001DDF06 /* blockerList.json in Resources */,
			);
			runOnlyForDeploymentPostprocessing = 0;
		};
/* End PBXResourcesBuildPhase section */

/* Begin PBXSourcesBuildPhase section */
		AE2628271B7F5AA9001DDF06 /* Sources */ = {
			isa = PBXSourcesBuildPhase;
			buildActionMask = 2147483647;
			files = (
				AEC18B8E1B7FC3E2008463BB /* SSZipArchive.m in Sources */,
				AEC18B9C1B7FC3E8008463BB /* zip.c in Sources */,
				AEC18B9B1B7FC3E8008463BB /* unzip.c in Sources */,
				AE2628361B7F5AA9001DDF06 /* ViewController.m in Sources */,
				AEC18B9A1B7FC3E8008463BB /* mztools.c in Sources */,
				AE2628331B7F5AA9001DDF06 /* AppDelegate.m in Sources */,
				AE2628301B7F5AA9001DDF06 /* main.m in Sources */,
				AEC18B991B7FC3E8008463BB /* ioapi.c in Sources */,
			);
			runOnlyForDeploymentPostprocessing = 0;
		};
		AE2628541B7F5C44001DDF06 /* Sources */ = {
			isa = PBXSourcesBuildPhase;
			buildActionMask = 2147483647;
			files = (
				AE26285E1B7F5C44001DDF06 /* ActionRequestHandler.m in Sources */,
			);
			runOnlyForDeploymentPostprocessing = 0;
		};
/* End PBXSourcesBuildPhase section */

/* Begin PBXTargetDependency section */
		AE2628611B7F5C44001DDF06 /* PBXTargetDependency */ = {
			isa = PBXTargetDependency;
			target = AE2628571B7F5C44001DDF06 /* Extension */;
			targetProxy = AE2628601B7F5C44001DDF06 /* PBXContainerItemProxy */;
		};
/* End PBXTargetDependency section */

/* Begin PBXVariantGroup section */
		AE2628371B7F5AA9001DDF06 /* Main.storyboard */ = {
			isa = PBXVariantGroup;
			children = (
				AE2628381B7F5AA9001DDF06 /* Base */,
			);
			name = Main.storyboard;
			sourceTree = "<group>";
		};
		AE26283C1B7F5AA9001DDF06 /* LaunchScreen.storyboard */ = {
			isa = PBXVariantGroup;
			children = (
				AE26283D1B7F5AA9001DDF06 /* Base */,
			);
			name = LaunchScreen.storyboard;
			sourceTree = "<group>";
		};
/* End PBXVariantGroup section */

/* Begin XCBuildConfiguration section */
		AE26284B1B7F5AA9001DDF06 /* Debug */ = {
			isa = XCBuildConfiguration;
			buildSettings = {
				ALWAYS_SEARCH_USER_PATHS = NO;
				CLANG_CXX_LANGUAGE_STANDARD = "gnu++0x";
				CLANG_CXX_LIBRARY = "libc++";
				CLANG_ENABLE_MODULES = YES;
				CLANG_ENABLE_OBJC_ARC = YES;
				CLANG_WARN_BOOL_CONVERSION = YES;
				CLANG_WARN_CONSTANT_CONVERSION = YES;
				CLANG_WARN_DIRECT_OBJC_ISA_USAGE = YES_ERROR;
				CLANG_WARN_EMPTY_BODY = YES;
				CLANG_WARN_ENUM_CONVERSION = YES;
				CLANG_WARN_INT_CONVERSION = YES;
				CLANG_WARN_OBJC_ROOT_CLASS = YES_ERROR;
				CLANG_WARN_UNREACHABLE_CODE = YES;
				CLANG_WARN__DUPLICATE_METHOD_MATCH = YES;
				"CODE_SIGN_IDENTITY[sdk=iphoneos*]" = "iPhone Developer";
				COPY_PHASE_STRIP = NO;
				DEBUG_INFORMATION_FORMAT = dwarf;
				ENABLE_STRICT_OBJC_MSGSEND = YES;
				ENABLE_TESTABILITY = YES;
				GCC_C_LANGUAGE_STANDARD = gnu99;
				GCC_DYNAMIC_NO_PIC = NO;
				GCC_NO_COMMON_BLOCKS = YES;
				GCC_OPTIMIZATION_LEVEL = 0;
				GCC_PREPROCESSOR_DEFINITIONS = (
					"DEBUG=1",
					"$(inherited)",
				);
				GCC_WARN_64_TO_32_BIT_CONVERSION = YES;
				GCC_WARN_ABOUT_RETURN_TYPE = YES_ERROR;
				GCC_WARN_UNDECLARED_SELECTOR = YES;
				GCC_WARN_UNINITIALIZED_AUTOS = YES_AGGRESSIVE;
				GCC_WARN_UNUSED_FUNCTION = YES;
				GCC_WARN_UNUSED_VARIABLE = YES;
				IPHONEOS_DEPLOYMENT_TARGET = 9.0;
				MTL_ENABLE_DEBUG_INFO = YES;
				ONLY_ACTIVE_ARCH = YES;
				SDKROOT = iphoneos;
			};
			name = Debug;
		};
		AE26284C1B7F5AA9001DDF06 /* Release */ = {
			isa = XCBuildConfiguration;
			buildSettings = {
				ALWAYS_SEARCH_USER_PATHS = NO;
				CLANG_CXX_LANGUAGE_STANDARD = "gnu++0x";
				CLANG_CXX_LIBRARY = "libc++";
				CLANG_ENABLE_MODULES = YES;
				CLANG_ENABLE_OBJC_ARC = YES;
				CLANG_WARN_BOOL_CONVERSION = YES;
				CLANG_WARN_CONSTANT_CONVERSION = YES;
				CLANG_WARN_DIRECT_OBJC_ISA_USAGE = YES_ERROR;
				CLANG_WARN_EMPTY_BODY = YES;
				CLANG_WARN_ENUM_CONVERSION = YES;
				CLANG_WARN_INT_CONVERSION = YES;
				CLANG_WARN_OBJC_ROOT_CLASS = YES_ERROR;
				CLANG_WARN_UNREACHABLE_CODE = YES;
				CLANG_WARN__DUPLICATE_METHOD_MATCH = YES;
				"CODE_SIGN_IDENTITY[sdk=iphoneos*]" = "iPhone Developer";
				COPY_PHASE_STRIP = NO;
				DEBUG_INFORMATION_FORMAT = "dwarf-with-dsym";
				ENABLE_NS_ASSERTIONS = NO;
				ENABLE_STRICT_OBJC_MSGSEND = YES;
				GCC_C_LANGUAGE_STANDARD = gnu99;
				GCC_NO_COMMON_BLOCKS = YES;
				GCC_WARN_64_TO_32_BIT_CONVERSION = YES;
				GCC_WARN_ABOUT_RETURN_TYPE = YES_ERROR;
				GCC_WARN_UNDECLARED_SELECTOR = YES;
				GCC_WARN_UNINITIALIZED_AUTOS = YES_AGGRESSIVE;
				GCC_WARN_UNUSED_FUNCTION = YES;
				GCC_WARN_UNUSED_VARIABLE = YES;
				IPHONEOS_DEPLOYMENT_TARGET = 9.0;
				MTL_ENABLE_DEBUG_INFO = NO;
				SDKROOT = iphoneos;
				VALIDATE_PRODUCT = YES;
			};
			name = Release;
		};
		AE26284E1B7F5AA9001DDF06 /* Debug */ = {
			isa = XCBuildConfiguration;
			buildSettings = {
				ASSETCATALOG_COMPILER_APPICON_NAME = AppIcon;
				CODE_SIGN_ENTITLEMENTS = "Content Blocker/Content Blocker.entitlements";
				CODE_SIGN_IDENTITY = "iPhone Developer";
				"CODE_SIGN_IDENTITY[sdk=iphoneos*]" = "iPhone Developer";
				INFOPLIST_FILE = "Content Blocker/Info.plist";
				LD_RUNPATH_SEARCH_PATHS = "$(inherited) @executable_path/Frameworks";
				PRODUCT_BUNDLE_IDENTIFIER = "com.yannickweiss.Content-Blocker";
				PRODUCT_NAME = CBlocker;
				PROVISIONING_PROFILE = "";
			};
			name = Debug;
		};
		AE26284F1B7F5AA9001DDF06 /* Release */ = {
			isa = XCBuildConfiguration;
			buildSettings = {
				ASSETCATALOG_COMPILER_APPICON_NAME = AppIcon;
				CODE_SIGN_ENTITLEMENTS = "Content Blocker/Content Blocker.entitlements";
				CODE_SIGN_IDENTITY = "iPhone Developer";
				"CODE_SIGN_IDENTITY[sdk=iphoneos*]" = "iPhone Developer";
				INFOPLIST_FILE = "Content Blocker/Info.plist";
				LD_RUNPATH_SEARCH_PATHS = "$(inherited) @executable_path/Frameworks";
				PRODUCT_BUNDLE_IDENTIFIER = "com.yannickweiss.Content-Blocker";
				PRODUCT_NAME = CBlocker;
				PROVISIONING_PROFILE = "";
			};
			name = Release;
		};
		AE2628641B7F5C44001DDF06 /* Debug */ = {
			isa = XCBuildConfiguration;
			buildSettings = {
				CODE_SIGN_ENTITLEMENTS = Extension/Extension.entitlements;
				CODE_SIGN_IDENTITY = "iPhone Developer";
				"CODE_SIGN_IDENTITY[sdk=iphoneos*]" = "iPhone Developer";
				INFOPLIST_FILE = Extension/Info.plist;
				LD_RUNPATH_SEARCH_PATHS = "$(inherited) @executable_path/Frameworks @executable_path/../../Frameworks";
				PRODUCT_BUNDLE_IDENTIFIER = "com.yannickweiss.Content-Blocker.Extension";
				PRODUCT_NAME = "$(TARGET_NAME)";
				PROVISIONING_PROFILE = "";
				SKIP_INSTALL = YES;
			};
			name = Debug;
		};
		AE2628651B7F5C44001DDF06 /* Release */ = {
			isa = XCBuildConfiguration;
			buildSettings = {
				CODE_SIGN_ENTITLEMENTS = Extension/Extension.entitlements;
				CODE_SIGN_IDENTITY = "iPhone Developer";
				"CODE_SIGN_IDENTITY[sdk=iphoneos*]" = "iPhone Developer";
				INFOPLIST_FILE = Extension/Info.plist;
				LD_RUNPATH_SEARCH_PATHS = "$(inherited) @executable_path/Frameworks @executable_path/../../Frameworks";
				PRODUCT_BUNDLE_IDENTIFIER = "com.yannickweiss.Content-Blocker.Extension";
				PRODUCT_NAME = "$(TARGET_NAME)";
				PROVISIONING_PROFILE = "";
				SKIP_INSTALL = YES;
			};
			name = Release;
		};
/* End XCBuildConfiguration section */

/* Begin XCConfigurationList section */
		AE2628261B7F5AA9001DDF06 /* Build configuration list for PBXProject "CBlocker" */ = {
			isa = XCConfigurationList;
			buildConfigurations = (
				AE26284B1B7F5AA9001DDF06 /* Debug */,
				AE26284C1B7F5AA9001DDF06 /* Release */,
			);
			defaultConfigurationIsVisible = 0;
			defaultConfigurationName = Release;
		};
		AE26284D1B7F5AA9001DDF06 /* Build configuration list for PBXNativeTarget "CBlocker" */ = {
			isa = XCConfigurationList;
			buildConfigurations = (
				AE26284E1B7F5AA9001DDF06 /* Debug */,
				AE26284F1B7F5AA9001DDF06 /* Release */,
			);
			defaultConfigurationIsVisible = 0;
			defaultConfigurationName = Release;
		};
		AE2628631B7F5C44001DDF06 /* Build configuration list for PBXNativeTarget "Extension" */ = {
			isa = XCConfigurationList;
			buildConfigurations = (
				AE2628641B7F5C44001DDF06 /* Debug */,
				AE2628651B7F5C44001DDF06 /* Release */,
			);
			defaultConfigurationIsVisible = 0;
			defaultConfigurationName = Release;
		};
/* End XCConfigurationList section */
	};
	rootObject = AE2628231B7F5AA9001DDF06 /* Project object */;
}
